
Microsoft Visual Studio Solution File, Format Version 12.00
# Visual Studio Version 17
VisualStudioVersion = 17.11.35327.3
MinimumVisualStudioVersion = 10.0.40219.1
Project("{FAE04EC0-301F-11D3-BF4B-00C04F79EFBC}") = "Saper", "Saper.csproj", "{3EA8EAF6-5629-4F83-AD27-C33D8925BB9E}"
EndProject
Global
	GlobalSection(SolutionConfigurationPlatforms) = preSolution
		Debug|Any CPU = Debug|Any CPU
		Release|Any CPU = Release|Any CPU
	EndGlobalSection
	GlobalSection(ProjectConfigurationPlatforms) = postSolution
		{3EA8EAF6-5629-4F83-AD27-C33D8925BB9E}.Debug|Any CPU.ActiveCfg = Debug|Any CPU
		{3EA8EAF6-5629-4F83-AD27-C33D8925BB9E}.Debug|Any CPU.Build.0 = Debug|Any CPU
		{3EA8EAF6-5629-4F83-AD27-C33D8925BB9E}.Release|Any CPU.ActiveCfg = Release|Any CPU
		{3EA8EAF6-5629-4F83-AD27-C33D8925BB9E}.Release|Any CPU.Build.0 = Release|Any CPU
	EndGlobalSection
	GlobalSection(SolutionProperties) = preSolution
		HideSolutionNode = FALSE
	EndGlobalSection
	GlobalSection(ExtensibilityGlobals) = postSolution
		SolutionGuid = {FA6B4330-0594-4799-825F-BE1C9E86BF03}
	EndGlobalSection
EndGlobal
